// !$*UTF8*$!
{
	archiveVersion = 1;
	classes = {
	};
	objectVersion = 46;
	objects = {

/* Begin PBXBuildFile section */
		0C737AD91B3847A50044AD93 /* OpenSans-Bold.ttf in Resources */ = {isa = PBXBuildFile; fileRef = 0C737ACF1B3847A50044AD93 /* OpenSans-Bold.ttf */; };
		0C737ADA1B3847A50044AD93 /* OpenSans-BoldItalic.ttf in Resources */ = {isa = PBXBuildFile; fileRef = 0C737AD01B3847A50044AD93 /* OpenSans-BoldItalic.ttf */; };
		0C737ADB1B3847A50044AD93 /* OpenSans-ExtraBold.ttf in Resources */ = {isa = PBXBuildFile; fileRef = 0C737AD11B3847A50044AD93 /* OpenSans-ExtraBold.ttf */; };
		0C737ADC1B3847A50044AD93 /* OpenSans-ExtraBoldItalic.ttf in Resources */ = {isa = PBXBuildFile; fileRef = 0C737AD21B3847A50044AD93 /* OpenSans-ExtraBoldItalic.ttf */; };
		0C737ADD1B3847A50044AD93 /* OpenSans-Italic.ttf in Resources */ = {isa = PBXBuildFile; fileRef = 0C737AD31B3847A50044AD93 /* OpenSans-Italic.ttf */; };
		0C737ADE1B3847A50044AD93 /* OpenSans-Light.ttf in Resources */ = {isa = PBXBuildFile; fileRef = 0C737AD41B3847A50044AD93 /* OpenSans-Light.ttf */; };
		0C737ADF1B3847A50044AD93 /* OpenSans-LightItalic.ttf in Resources */ = {isa = PBXBuildFile; fileRef = 0C737AD51B3847A50044AD93 /* OpenSans-LightItalic.ttf */; };
		0C737AE01B3847A50044AD93 /* OpenSans-Regular.ttf in Resources */ = {isa = PBXBuildFile; fileRef = 0C737AD61B3847A50044AD93 /* OpenSans-Regular.ttf */; };
		0C737AE11B3847A50044AD93 /* OpenSans-Semibold.ttf in Resources */ = {isa = PBXBuildFile; fileRef = 0C737AD71B3847A50044AD93 /* OpenSans-Semibold.ttf */; };
		0C737AE21B3847A50044AD93 /* OpenSans-SemiboldItalic.ttf in Resources */ = {isa = PBXBuildFile; fileRef = 0C737AD81B3847A50044AD93 /* OpenSans-SemiboldItalic.ttf */; };
		0C737AE51B38482D0044AD93 /* Code_Pro_Demo.otf in Resources */ = {isa = PBXBuildFile; fileRef = 0C737AE41B38482D0044AD93 /* Code_Pro_Demo.otf */; };
		0CEACAE11B298C5700CA4207 /* ArchitectWorld in Resources */ = {isa = PBXBuildFile; fileRef = 0CEACAE01B298C5700CA4207 /* ArchitectWorld */; };
		0CF6CDC61B285E4C0001F7AA /* main.m in Sources */ = {isa = PBXBuildFile; fileRef = 0CF6CDC51B285E4C0001F7AA /* main.m */; };
		0CF6CDC91B285E4C0001F7AA /* AppDelegate.m in Sources */ = {isa = PBXBuildFile; fileRef = 0CF6CDC81B285E4C0001F7AA /* AppDelegate.m */; };
		0CF6CDCC1B285E4C0001F7AA /* ARViewController.m in Sources */ = {isa = PBXBuildFile; fileRef = 0CF6CDCB1B285E4C0001F7AA /* ARViewController.m */; };
		0CF6CDCF1B285E4C0001F7AA /* Main.storyboard in Resources */ = {isa = PBXBuildFile; fileRef = 0CF6CDCD1B285E4C0001F7AA /* Main.storyboard */; };
		0CF6CDD11B285E4C0001F7AA /* Images.xcassets in Resources */ = {isa = PBXBuildFile; fileRef = 0CF6CDD01B285E4C0001F7AA /* Images.xcassets */; };
		0CF6CDD41B285E4C0001F7AA /* LaunchScreen.xib in Resources */ = {isa = PBXBuildFile; fileRef = 0CF6CDD21B285E4C0001F7AA /* LaunchScreen.xib */; };
		0CF6CDE01B285E4D0001F7AA /* WikitudeTestTests.m in Sources */ = {isa = PBXBuildFile; fileRef = 0CF6CDDF1B285E4D0001F7AA /* WikitudeTestTests.m */; };
		0CF6CDEA1B2860E40001F7AA /* WikitudeSDK.framework in Frameworks */ = {isa = PBXBuildFile; fileRef = 0CF6CDE91B2860E40001F7AA /* WikitudeSDK.framework */; };
		0CF6CDF61B28670C0001F7AA /* Accelerate.framework in Frameworks */ = {isa = PBXBuildFile; fileRef = 0CF6CDEB1B28670B0001F7AA /* Accelerate.framework */; };
		0CF6CDF71B28670C0001F7AA /* AssetsLibrary.framework in Frameworks */ = {isa = PBXBuildFile; fileRef = 0CF6CDEC1B28670B0001F7AA /* AssetsLibrary.framework */; };
		0CF6CDF81B28670C0001F7AA /* AVFoundation.framework in Frameworks */ = {isa = PBXBuildFile; fileRef = 0CF6CDED1B28670B0001F7AA /* AVFoundation.framework */; };
		0CF6CDF91B28670C0001F7AA /* CFNetwork.framework in Frameworks */ = {isa = PBXBuildFile; fileRef = 0CF6CDEE1B28670B0001F7AA /* CFNetwork.framework */; };
		0CF6CDFA1B28670C0001F7AA /* CoreGraphics.framework in Frameworks */ = {isa = PBXBuildFile; fileRef = 0CF6CDEF1B28670B0001F7AA /* CoreGraphics.framework */; };
		0CF6CDFB1B28670C0001F7AA /* CoreLocation.framework in Frameworks */ = {isa = PBXBuildFile; fileRef = 0CF6CDF01B28670C0001F7AA /* CoreLocation.framework */; };
		0CF6CDFC1B28670C0001F7AA /* CoreMotion.framework in Frameworks */ = {isa = PBXBuildFile; fileRef = 0CF6CDF11B28670C0001F7AA /* CoreMotion.framework */; };
		0CF6CDFD1B28670C0001F7AA /* CoreVideo.framework in Frameworks */ = {isa = PBXBuildFile; fileRef = 0CF6CDF21B28670C0001F7AA /* CoreVideo.framework */; };
		0CF6CDFE1B28670C0001F7AA /* Foundation.framework in Frameworks */ = {isa = PBXBuildFile; fileRef = 0CF6CDF31B28670C0001F7AA /* Foundation.framework */; };
		0CF6CDFF1B28670C0001F7AA /* JavaScriptCore.framework in Frameworks */ = {isa = PBXBuildFile; fileRef = 0CF6CDF41B28670C0001F7AA /* JavaScriptCore.framework */; };
		0CF6CE001B28670C0001F7AA /* MediaPlayer.framework in Frameworks */ = {isa = PBXBuildFile; fileRef = 0CF6CDF51B28670C0001F7AA /* MediaPlayer.framework */; };
		0CF6CE021B28671A0001F7AA /* OpenGLES.framework in Frameworks */ = {isa = PBXBuildFile; fileRef = 0CF6CE011B28671A0001F7AA /* OpenGLES.framework */; };
		0CF6CE041B2867260001F7AA /* QuartzCore.framework in Frameworks */ = {isa = PBXBuildFile; fileRef = 0CF6CE031B2867260001F7AA /* QuartzCore.framework */; };
		0CF6CE061B2867300001F7AA /* Security.framework in Frameworks */ = {isa = PBXBuildFile; fileRef = 0CF6CE051B2867300001F7AA /* Security.framework */; };
		0CF6CE081B28673C0001F7AA /* SystemConfiguration.framework in Frameworks */ = {isa = PBXBuildFile; fileRef = 0CF6CE071B28673C0001F7AA /* SystemConfiguration.framework */; };
		0CF6CE0A1B2867490001F7AA /* UIKit.framework in Frameworks */ = {isa = PBXBuildFile; fileRef = 0CF6CE091B2867490001F7AA /* UIKit.framework */; };
		0CF6CE0C1B2868930001F7AA /* libc++.dylib in Frameworks */ = {isa = PBXBuildFile; fileRef = 0CF6CE0B1B2868930001F7AA /* libc++.dylib */; };
		0CF6CE0E1B28689D0001F7AA /* libz.dylib in Frameworks */ = {isa = PBXBuildFile; fileRef = 0CF6CE0D1B28689D0001F7AA /* libz.dylib */; };
		0CF895151B2AE443009B2396 /* DetailsViewController.m in Sources */ = {isa = PBXBuildFile; fileRef = 0CF895131B2AE443009B2396 /* DetailsViewController.m */; };
		0CF895161B2AE443009B2396 /* DetailsViewController.xib in Resources */ = {isa = PBXBuildFile; fileRef = 0CF895141B2AE443009B2396 /* DetailsViewController.xib */; };
/* End PBXBuildFile section */

/* Begin PBXContainerItemProxy section */
		0CF6CDDA1B285E4C0001F7AA /* PBXContainerItemProxy */ = {
			isa = PBXContainerItemProxy;
			containerPortal = 0CF6CDB81B285E4C0001F7AA /* Project object */;
			proxyType = 1;
			remoteGlobalIDString = 0CF6CDBF1B285E4C0001F7AA;
			remoteInfo = WikitudeTest;
		};
/* End PBXContainerItemProxy section */

/* Begin PBXFileReference section */
		0C737ACF1B3847A50044AD93 /* OpenSans-Bold.ttf */ = {isa = PBXFileReference; lastKnownFileType = file; path = "OpenSans-Bold.ttf"; sourceTree = "<group>"; };
		0C737AD01B3847A50044AD93 /* OpenSans-BoldItalic.ttf */ = {isa = PBXFileReference; lastKnownFileType = file; path = "OpenSans-BoldItalic.ttf"; sourceTree = "<group>"; };
		0C737AD11B3847A50044AD93 /* OpenSans-ExtraBold.ttf */ = {isa = PBXFileReference; lastKnownFileType = file; path = "OpenSans-ExtraBold.ttf"; sourceTree = "<group>"; };
		0C737AD21B3847A50044AD93 /* OpenSans-ExtraBoldItalic.ttf */ = {isa = PBXFileReference; lastKnownFileType = file; path = "OpenSans-ExtraBoldItalic.ttf"; sourceTree = "<group>"; };
		0C737AD31B3847A50044AD93 /* OpenSans-Italic.ttf */ = {isa = PBXFileReference; lastKnownFileType = file; path = "OpenSans-Italic.ttf"; sourceTree = "<group>"; };
		0C737AD41B3847A50044AD93 /* OpenSans-Light.ttf */ = {isa = PBXFileReference; lastKnownFileType = file; path = "OpenSans-Light.ttf"; sourceTree = "<group>"; };
		0C737AD51B3847A50044AD93 /* OpenSans-LightItalic.ttf */ = {isa = PBXFileReference; lastKnownFileType = file; path = "OpenSans-LightItalic.ttf"; sourceTree = "<group>"; };
		0C737AD61B3847A50044AD93 /* OpenSans-Regular.ttf */ = {isa = PBXFileReference; lastKnownFileType = file; path = "OpenSans-Regular.ttf"; sourceTree = "<group>"; };
		0C737AD71B3847A50044AD93 /* OpenSans-Semibold.ttf */ = {isa = PBXFileReference; lastKnownFileType = file; path = "OpenSans-Semibold.ttf"; sourceTree = "<group>"; };
		0C737AD81B3847A50044AD93 /* OpenSans-SemiboldItalic.ttf */ = {isa = PBXFileReference; lastKnownFileType = file; path = "OpenSans-SemiboldItalic.ttf"; sourceTree = "<group>"; };
		0C737AE41B38482D0044AD93 /* Code_Pro_Demo.otf */ = {isa = PBXFileReference; lastKnownFileType = file; path = Code_Pro_Demo.otf; sourceTree = "<group>"; };
		0CEACAE01B298C5700CA4207 /* ArchitectWorld */ = {isa = PBXFileReference; lastKnownFileType = folder; name = ArchitectWorld; path = WikitudeTest/ArchitectWorld; sourceTree = "<group>"; };
		0CF6CDC01B285E4C0001F7AA /* wikitude-concept-ios.app */ = {isa = PBXFileReference; explicitFileType = wrapper.application; includeInIndex = 0; path = "wikitude-concept-ios.app"; sourceTree = BUILT_PRODUCTS_DIR; };
		0CF6CDC41B285E4C0001F7AA /* Info.plist */ = {isa = PBXFileReference; lastKnownFileType = text.plist.xml; path = Info.plist; sourceTree = "<group>"; };
		0CF6CDC51B285E4C0001F7AA /* main.m */ = {isa = PBXFileReference; lastKnownFileType = sourcecode.c.objc; path = main.m; sourceTree = "<group>"; };
		0CF6CDC71B285E4C0001F7AA /* AppDelegate.h */ = {isa = PBXFileReference; lastKnownFileType = sourcecode.c.h; path = AppDelegate.h; sourceTree = "<group>"; };
		0CF6CDC81B285E4C0001F7AA /* AppDelegate.m */ = {isa = PBXFileReference; lastKnownFileType = sourcecode.c.objc; path = AppDelegate.m; sourceTree = "<group>"; };
		0CF6CDCA1B285E4C0001F7AA /* ARViewController.h */ = {isa = PBXFileReference; lastKnownFileType = sourcecode.c.h; path = ARViewController.h; sourceTree = "<group>"; };
		0CF6CDCB1B285E4C0001F7AA /* ARViewController.m */ = {isa = PBXFileReference; lastKnownFileType = sourcecode.c.objc; path = ARViewController.m; sourceTree = "<group>"; };
		0CF6CDCE1B285E4C0001F7AA /* Base */ = {isa = PBXFileReference; lastKnownFileType = file.storyboard; name = Base; path = Base.lproj/Main.storyboard; sourceTree = "<group>"; };
		0CF6CDD01B285E4C0001F7AA /* Images.xcassets */ = {isa = PBXFileReference; lastKnownFileType = folder.assetcatalog; path = Images.xcassets; sourceTree = "<group>"; };
		0CF6CDD31B285E4C0001F7AA /* Base */ = {isa = PBXFileReference; lastKnownFileType = file.xib; name = Base; path = Base.lproj/LaunchScreen.xib; sourceTree = "<group>"; };
		0CF6CDD91B285E4C0001F7AA /* wikitude-concept-iosTests.xctest */ = {isa = PBXFileReference; explicitFileType = wrapper.cfbundle; includeInIndex = 0; path = "wikitude-concept-iosTests.xctest"; sourceTree = BUILT_PRODUCTS_DIR; };
		0CF6CDDE1B285E4D0001F7AA /* Info.plist */ = {isa = PBXFileReference; lastKnownFileType = text.plist.xml; path = Info.plist; sourceTree = "<group>"; };
		0CF6CDDF1B285E4D0001F7AA /* WikitudeTestTests.m */ = {isa = PBXFileReference; lastKnownFileType = sourcecode.c.objc; path = WikitudeTestTests.m; sourceTree = "<group>"; };
		0CF6CDE91B2860E40001F7AA /* WikitudeSDK.framework */ = {isa = PBXFileReference; lastKnownFileType = wrapper.framework; name = WikitudeSDK.framework; path = WikitudeTest/Frameworks/WikitudeSDK.framework; sourceTree = "<group>"; };
		0CF6CDEB1B28670B0001F7AA /* Accelerate.framework */ = {isa = PBXFileReference; lastKnownFileType = wrapper.framework; name = Accelerate.framework; path = System/Library/Frameworks/Accelerate.framework; sourceTree = SDKROOT; };
		0CF6CDEC1B28670B0001F7AA /* AssetsLibrary.framework */ = {isa = PBXFileReference; lastKnownFileType = wrapper.framework; name = AssetsLibrary.framework; path = System/Library/Frameworks/AssetsLibrary.framework; sourceTree = SDKROOT; };
		0CF6CDED1B28670B0001F7AA /* AVFoundation.framework */ = {isa = PBXFileReference; lastKnownFileType = wrapper.framework; name = AVFoundation.framework; path = System/Library/Frameworks/AVFoundation.framework; sourceTree = SDKROOT; };
		0CF6CDEE1B28670B0001F7AA /* CFNetwork.framework */ = {isa = PBXFileReference; lastKnownFileType = wrapper.framework; name = CFNetwork.framework; path = System/Library/Frameworks/CFNetwork.framework; sourceTree = SDKROOT; };
		0CF6CDEF1B28670B0001F7AA /* CoreGraphics.framework */ = {isa = PBXFileReference; lastKnownFileType = wrapper.framework; name = CoreGraphics.framework; path = System/Library/Frameworks/CoreGraphics.framework; sourceTree = SDKROOT; };
		0CF6CDF01B28670C0001F7AA /* CoreLocation.framework */ = {isa = PBXFileReference; lastKnownFileType = wrapper.framework; name = CoreLocation.framework; path = System/Library/Frameworks/CoreLocation.framework; sourceTree = SDKROOT; };
		0CF6CDF11B28670C0001F7AA /* CoreMotion.framework */ = {isa = PBXFileReference; lastKnownFileType = wrapper.framework; name = CoreMotion.framework; path = System/Library/Frameworks/CoreMotion.framework; sourceTree = SDKROOT; };
		0CF6CDF21B28670C0001F7AA /* CoreVideo.framework */ = {isa = PBXFileReference; lastKnownFileType = wrapper.framework; name = CoreVideo.framework; path = System/Library/Frameworks/CoreVideo.framework; sourceTree = SDKROOT; };
		0CF6CDF31B28670C0001F7AA /* Foundation.framework */ = {isa = PBXFileReference; lastKnownFileType = wrapper.framework; name = Foundation.framework; path = System/Library/Frameworks/Foundation.framework; sourceTree = SDKROOT; };
		0CF6CDF41B28670C0001F7AA /* JavaScriptCore.framework */ = {isa = PBXFileReference; lastKnownFileType = wrapper.framework; name = JavaScriptCore.framework; path = System/Library/Frameworks/JavaScriptCore.framework; sourceTree = SDKROOT; };
		0CF6CDF51B28670C0001F7AA /* MediaPlayer.framework */ = {isa = PBXFileReference; lastKnownFileType = wrapper.framework; name = MediaPlayer.framework; path = System/Library/Frameworks/MediaPlayer.framework; sourceTree = SDKROOT; };
		0CF6CE011B28671A0001F7AA /* OpenGLES.framework */ = {isa = PBXFileReference; lastKnownFileType = wrapper.framework; name = OpenGLES.framework; path = System/Library/Frameworks/OpenGLES.framework; sourceTree = SDKROOT; };
		0CF6CE031B2867260001F7AA /* QuartzCore.framework */ = {isa = PBXFileReference; lastKnownFileType = wrapper.framework; name = QuartzCore.framework; path = System/Library/Frameworks/QuartzCore.framework; sourceTree = SDKROOT; };
		0CF6CE051B2867300001F7AA /* Security.framework */ = {isa = PBXFileReference; lastKnownFileType = wrapper.framework; name = Security.framework; path = System/Library/Frameworks/Security.framework; sourceTree = SDKROOT; };
		0CF6CE071B28673C0001F7AA /* SystemConfiguration.framework */ = {isa = PBXFileReference; lastKnownFileType = wrapper.framework; name = SystemConfiguration.framework; path = System/Library/Frameworks/SystemConfiguration.framework; sourceTree = SDKROOT; };
		0CF6CE091B2867490001F7AA /* UIKit.framework */ = {isa = PBXFileReference; lastKnownFileType = wrapper.framework; name = UIKit.framework; path = System/Library/Frameworks/UIKit.framework; sourceTree = SDKROOT; };
		0CF6CE0B1B2868930001F7AA /* libc++.dylib */ = {isa = PBXFileReference; lastKnownFileType = "compiled.mach-o.dylib"; name = "libc++.dylib"; path = "usr/lib/libc++.dylib"; sourceTree = SDKROOT; };
		0CF6CE0D1B28689D0001F7AA /* libz.dylib */ = {isa = PBXFileReference; lastKnownFileType = "compiled.mach-o.dylib"; name = libz.dylib; path = usr/lib/libz.dylib; sourceTree = SDKROOT; };
		0CF895121B2AE443009B2396 /* DetailsViewController.h */ = {isa = PBXFileReference; fileEncoding = 4; lastKnownFileType = sourcecode.c.h; path = DetailsViewController.h; sourceTree = "<group>"; };
		0CF895131B2AE443009B2396 /* DetailsViewController.m */ = {isa = PBXFileReference; fileEncoding = 4; lastKnownFileType = sourcecode.c.objc; path = DetailsViewController.m; sourceTree = "<group>"; };
		0CF895141B2AE443009B2396 /* DetailsViewController.xib */ = {isa = PBXFileReference; fileEncoding = 4; lastKnownFileType = file.xib; path = DetailsViewController.xib; sourceTree = "<group>"; };
/* End PBXFileReference section */

/* Begin PBXFrameworksBuildPhase section */
		0CF6CDBD1B285E4C0001F7AA /* Frameworks */ = {
			isa = PBXFrameworksBuildPhase;
			buildActionMask = 2147483647;
			files = (
				0CF6CE0E1B28689D0001F7AA /* libz.dylib in Frameworks */,
				0CF6CE0C1B2868930001F7AA /* libc++.dylib in Frameworks */,
				0CF6CE0A1B2867490001F7AA /* UIKit.framework in Frameworks */,
				0CF6CE081B28673C0001F7AA /* SystemConfiguration.framework in Frameworks */,
				0CF6CE061B2867300001F7AA /* Security.framework in Frameworks */,
				0CF6CE041B2867260001F7AA /* QuartzCore.framework in Frameworks */,
				0CF6CE021B28671A0001F7AA /* OpenGLES.framework in Frameworks */,
				0CF6CDF61B28670C0001F7AA /* Accelerate.framework in Frameworks */,
				0CF6CDF71B28670C0001F7AA /* AssetsLibrary.framework in Frameworks */,
				0CF6CDF81B28670C0001F7AA /* AVFoundation.framework in Frameworks */,
				0CF6CDF91B28670C0001F7AA /* CFNetwork.framework in Frameworks */,
				0CF6CDFA1B28670C0001F7AA /* CoreGraphics.framework in Frameworks */,
				0CF6CDFB1B28670C0001F7AA /* CoreLocation.framework in Frameworks */,
				0CF6CDFC1B28670C0001F7AA /* CoreMotion.framework in Frameworks */,
				0CF6CDFD1B28670C0001F7AA /* CoreVideo.framework in Frameworks */,
				0CF6CDFE1B28670C0001F7AA /* Foundation.framework in Frameworks */,
				0CF6CDFF1B28670C0001F7AA /* JavaScriptCore.framework in Frameworks */,
				0CF6CE001B28670C0001F7AA /* MediaPlayer.framework in Frameworks */,
				0CF6CDEA1B2860E40001F7AA /* WikitudeSDK.framework in Frameworks */,
			);
			runOnlyForDeploymentPostprocessing = 0;
		};
		0CF6CDD61B285E4C0001F7AA /* Frameworks */ = {
			isa = PBXFrameworksBuildPhase;
			buildActionMask = 2147483647;
			files = (
			);
			runOnlyForDeploymentPostprocessing = 0;
		};
/* End PBXFrameworksBuildPhase section */

/* Begin PBXGroup section */
		0C737ACE1B38474E0044AD93 /* OpenSans */ = {
			isa = PBXGroup;
			children = (
				0C737ACF1B3847A50044AD93 /* OpenSans-Bold.ttf */,
				0C737AD01B3847A50044AD93 /* OpenSans-BoldItalic.ttf */,
				0C737AD11B3847A50044AD93 /* OpenSans-ExtraBold.ttf */,
				0C737AD21B3847A50044AD93 /* OpenSans-ExtraBoldItalic.ttf */,
				0C737AD31B3847A50044AD93 /* OpenSans-Italic.ttf */,
				0C737AD41B3847A50044AD93 /* OpenSans-Light.ttf */,
				0C737AD51B3847A50044AD93 /* OpenSans-LightItalic.ttf */,
				0C737AD61B3847A50044AD93 /* OpenSans-Regular.ttf */,
				0C737AD71B3847A50044AD93 /* OpenSans-Semibold.ttf */,
				0C737AD81B3847A50044AD93 /* OpenSans-SemiboldItalic.ttf */,
			);
			name = OpenSans;
			sourceTree = "<group>";
		};
		0C737AE31B3848110044AD93 /* CodeProDemo */ = {
			isa = PBXGroup;
			children = (
				0C737AE41B38482D0044AD93 /* Code_Pro_Demo.otf */,
			);
			name = CodeProDemo;
			sourceTree = "<group>";
		};
		0C96A6FD1B3420DF005B4BE0 /* Resources */ = {
			isa = PBXGroup;
			children = (
				0C96A6FE1B3420E9005B4BE0 /* Fonts */,
			);
			name = Resources;
			sourceTree = "<group>";
		};
		0C96A6FE1B3420E9005B4BE0 /* Fonts */ = {
			isa = PBXGroup;
			children = (
				0C737AE31B3848110044AD93 /* CodeProDemo */,
				0C737ACE1B38474E0044AD93 /* OpenSans */,
			);
			name = Fonts;
			sourceTree = "<group>";
		};
		0CEACADF1B2988CD00CA4207 /* Frameworks */ = {
			isa = PBXGroup;
			children = (
				0CF6CE0D1B28689D0001F7AA /* libz.dylib */,
				0CF6CE0B1B2868930001F7AA /* libc++.dylib */,
				0CF6CE091B2867490001F7AA /* UIKit.framework */,
				0CF6CE071B28673C0001F7AA /* SystemConfiguration.framework */,
				0CF6CE051B2867300001F7AA /* Security.framework */,
				0CF6CE031B2867260001F7AA /* QuartzCore.framework */,
				0CF6CE011B28671A0001F7AA /* OpenGLES.framework */,
				0CF6CDEB1B28670B0001F7AA /* Accelerate.framework */,
				0CF6CDEC1B28670B0001F7AA /* AssetsLibrary.framework */,
				0CF6CDED1B28670B0001F7AA /* AVFoundation.framework */,
				0CF6CDEE1B28670B0001F7AA /* CFNetwork.framework */,
				0CF6CDEF1B28670B0001F7AA /* CoreGraphics.framework */,
				0CF6CDF01B28670C0001F7AA /* CoreLocation.framework */,
				0CF6CDF11B28670C0001F7AA /* CoreMotion.framework */,
				0CF6CDF21B28670C0001F7AA /* CoreVideo.framework */,
				0CF6CDF31B28670C0001F7AA /* Foundation.framework */,
				0CF6CDF41B28670C0001F7AA /* JavaScriptCore.framework */,
				0CF6CDF51B28670C0001F7AA /* MediaPlayer.framework */,
				0CF6CDE91B2860E40001F7AA /* WikitudeSDK.framework */,
			);
			name = Frameworks;
			sourceTree = "<group>";
		};
		0CF6CDB71B285E4C0001F7AA = {
			isa = PBXGroup;
			children = (
				0C96A6FD1B3420DF005B4BE0 /* Resources */,
				0CEACAE01B298C5700CA4207 /* ArchitectWorld */,
				0CF6CDC21B285E4C0001F7AA /* wikitude-concept-ios */,
				0CF6CDDC1B285E4D0001F7AA /* wikitude-concept-iosTests */,
				0CEACADF1B2988CD00CA4207 /* Frameworks */,
				0CF6CDC11B285E4C0001F7AA /* Products */,
			);
			sourceTree = "<group>";
		};
		0CF6CDC11B285E4C0001F7AA /* Products */ = {
			isa = PBXGroup;
			children = (
				0CF6CDC01B285E4C0001F7AA /* wikitude-concept-ios.app */,
				0CF6CDD91B285E4C0001F7AA /* wikitude-concept-iosTests.xctest */,
			);
			name = Products;
			sourceTree = "<group>";
		};
		0CF6CDC21B285E4C0001F7AA /* wikitude-concept-ios */ = {
			isa = PBXGroup;
			children = (
				0CF6CDC71B285E4C0001F7AA /* AppDelegate.h */,
				0CF6CDC81B285E4C0001F7AA /* AppDelegate.m */,
				0CF6CDCA1B285E4C0001F7AA /* ARViewController.h */,
				0CF6CDCB1B285E4C0001F7AA /* ARViewController.m */,
				0CF6CDCD1B285E4C0001F7AA /* Main.storyboard */,
				0CF6CDD21B285E4C0001F7AA /* LaunchScreen.xib */,
				0CF895121B2AE443009B2396 /* DetailsViewController.h */,
				0CF895131B2AE443009B2396 /* DetailsViewController.m */,
				0CF895141B2AE443009B2396 /* DetailsViewController.xib */,
				0CF6CDD01B285E4C0001F7AA /* Images.xcassets */,
				0CF6CDC31B285E4C0001F7AA /* Supporting Files */,
			);
			name = "wikitude-concept-ios";
			path = WikitudeTest;
			sourceTree = "<group>";
		};
		0CF6CDC31B285E4C0001F7AA /* Supporting Files */ = {
			isa = PBXGroup;
			children = (
				0CF6CDC41B285E4C0001F7AA /* Info.plist */,
				0CF6CDC51B285E4C0001F7AA /* main.m */,
			);
			name = "Supporting Files";
			sourceTree = "<group>";
		};
		0CF6CDDC1B285E4D0001F7AA /* wikitude-concept-iosTests */ = {
			isa = PBXGroup;
			children = (
				0CF6CDDF1B285E4D0001F7AA /* WikitudeTestTests.m */,
				0CF6CDDD1B285E4D0001F7AA /* Supporting Files */,
			);
			name = "wikitude-concept-iosTests";
			path = WikitudeTestTests;
			sourceTree = "<group>";
		};
		0CF6CDDD1B285E4D0001F7AA /* Supporting Files */ = {
			isa = PBXGroup;
			children = (
				0CF6CDDE1B285E4D0001F7AA /* Info.plist */,
			);
			name = "Supporting Files";
			sourceTree = "<group>";
		};
/* End PBXGroup section */

/* Begin PBXNativeTarget section */
		0CF6CDBF1B285E4C0001F7AA /* wikitude-concept-ios */ = {
			isa = PBXNativeTarget;
			buildConfigurationList = 0CF6CDE31B285E4D0001F7AA /* Build configuration list for PBXNativeTarget "wikitude-concept-ios" */;
			buildPhases = (
				0CF6CDBC1B285E4C0001F7AA /* Sources */,
				0CF6CDBD1B285E4C0001F7AA /* Frameworks */,
				0CF6CDBE1B285E4C0001F7AA /* Resources */,
			);
			buildRules = (
			);
			dependencies = (
			);
			name = "wikitude-concept-ios";
			productName = WikitudeTest;
			productReference = 0CF6CDC01B285E4C0001F7AA /* wikitude-concept-ios.app */;
			productType = "com.apple.product-type.application";
		};
		0CF6CDD81B285E4C0001F7AA /* wikitude-concept-iosTests */ = {
			isa = PBXNativeTarget;
			buildConfigurationList = 0CF6CDE61B285E4D0001F7AA /* Build configuration list for PBXNativeTarget "wikitude-concept-iosTests" */;
			buildPhases = (
				0CF6CDD51B285E4C0001F7AA /* Sources */,
				0CF6CDD61B285E4C0001F7AA /* Frameworks */,
				0CF6CDD71B285E4C0001F7AA /* Resources */,
			);
			buildRules = (
			);
			dependencies = (
				0CF6CDDB1B285E4C0001F7AA /* PBXTargetDependency */,
			);
			name = "wikitude-concept-iosTests";
			productName = WikitudeTestTests;
			productReference = 0CF6CDD91B285E4C0001F7AA /* wikitude-concept-iosTests.xctest */;
			productType = "com.apple.product-type.bundle.unit-test";
		};
/* End PBXNativeTarget section */

/* Begin PBXProject section */
		0CF6CDB81B285E4C0001F7AA /* Project object */ = {
			isa = PBXProject;
			attributes = {
				LastUpgradeCheck = 0630;
				ORGANIZATIONNAME = "Patrycja Sitek";
				TargetAttributes = {
					0CF6CDBF1B285E4C0001F7AA = {
						CreatedOnToolsVersion = 6.3.2;
						DevelopmentTeam = 7ND46U282D;
					};
					0CF6CDD81B285E4C0001F7AA = {
						CreatedOnToolsVersion = 6.3.2;
						TestTargetID = 0CF6CDBF1B285E4C0001F7AA;
					};
				};
			};
			buildConfigurationList = 0CF6CDBB1B285E4C0001F7AA /* Build configuration list for PBXProject "wikitude-concept-ios" */;
			compatibilityVersion = "Xcode 3.2";
			developmentRegion = English;
			hasScannedForEncodings = 0;
			knownRegions = (
				en,
				Base,
			);
			mainGroup = 0CF6CDB71B285E4C0001F7AA;
			productRefGroup = 0CF6CDC11B285E4C0001F7AA /* Products */;
			projectDirPath = "";
			projectRoot = "";
			targets = (
				0CF6CDBF1B285E4C0001F7AA /* wikitude-concept-ios */,
				0CF6CDD81B285E4C0001F7AA /* wikitude-concept-iosTests */,
			);
		};
/* End PBXProject section */

/* Begin PBXResourcesBuildPhase section */
		0CF6CDBE1B285E4C0001F7AA /* Resources */ = {
			isa = PBXResourcesBuildPhase;
			buildActionMask = 2147483647;
			files = (
				0CF6CDCF1B285E4C0001F7AA /* Main.storyboard in Resources */,
				0C737AE21B3847A50044AD93 /* OpenSans-SemiboldItalic.ttf in Resources */,
				0C737ADC1B3847A50044AD93 /* OpenSans-ExtraBoldItalic.ttf in Resources */,
				0C737ADF1B3847A50044AD93 /* OpenSans-LightItalic.ttf in Resources */,
				0CEACAE11B298C5700CA4207 /* ArchitectWorld in Resources */,
				0C737ADD1B3847A50044AD93 /* OpenSans-Italic.ttf in Resources */,
				0C737AD91B3847A50044AD93 /* OpenSans-Bold.ttf in Resources */,
				0C737AE51B38482D0044AD93 /* Code_Pro_Demo.otf in Resources */,
				0C737ADB1B3847A50044AD93 /* OpenSans-ExtraBold.ttf in Resources */,
				0C737ADA1B3847A50044AD93 /* OpenSans-BoldItalic.ttf in Resources */,
				0CF895161B2AE443009B2396 /* DetailsViewController.xib in Resources */,
				0CF6CDD41B285E4C0001F7AA /* LaunchScreen.xib in Resources */,
				0C737ADE1B3847A50044AD93 /* OpenSans-Light.ttf in Resources */,
				0C737AE01B3847A50044AD93 /* OpenSans-Regular.ttf in Resources */,
				0C737AE11B3847A50044AD93 /* OpenSans-Semibold.ttf in Resources */,
				0CF6CDD11B285E4C0001F7AA /* Images.xcassets in Resources */,
			);
			runOnlyForDeploymentPostprocessing = 0;
		};
		0CF6CDD71B285E4C0001F7AA /* Resources */ = {
			isa = PBXResourcesBuildPhase;
			buildActionMask = 2147483647;
			files = (
			);
			runOnlyForDeploymentPostprocessing = 0;
		};
/* End PBXResourcesBuildPhase section */

/* Begin PBXSourcesBuildPhase section */
		0CF6CDBC1B285E4C0001F7AA /* Sources */ = {
			isa = PBXSourcesBuildPhase;
			buildActionMask = 2147483647;
			files = (
				0CF6CDCC1B285E4C0001F7AA /* ARViewController.m in Sources */,
				0CF6CDC91B285E4C0001F7AA /* AppDelegate.m in Sources */,
				0CF6CDC61B285E4C0001F7AA /* main.m in Sources */,
				0CF895151B2AE443009B2396 /* DetailsViewController.m in Sources */,
			);
			runOnlyForDeploymentPostprocessing = 0;
		};
		0CF6CDD51B285E4C0001F7AA /* Sources */ = {
			isa = PBXSourcesBuildPhase;
			buildActionMask = 2147483647;
			files = (
				0CF6CDE01B285E4D0001F7AA /* WikitudeTestTests.m in Sources */,
			);
			runOnlyForDeploymentPostprocessing = 0;
		};
/* End PBXSourcesBuildPhase section */

/* Begin PBXTargetDependency section */
		0CF6CDDB1B285E4C0001F7AA /* PBXTargetDependency */ = {
			isa = PBXTargetDependency;
			target = 0CF6CDBF1B285E4C0001F7AA /* wikitude-concept-ios */;
			targetProxy = 0CF6CDDA1B285E4C0001F7AA /* PBXContainerItemProxy */;
		};
/* End PBXTargetDependency section */

/* Begin PBXVariantGroup section */
		0CF6CDCD1B285E4C0001F7AA /* Main.storyboard */ = {
			isa = PBXVariantGroup;
			children = (
				0CF6CDCE1B285E4C0001F7AA /* Base */,
			);
			name = Main.storyboard;
			sourceTree = "<group>";
		};
		0CF6CDD21B285E4C0001F7AA /* LaunchScreen.xib */ = {
			isa = PBXVariantGroup;
			children = (
				0CF6CDD31B285E4C0001F7AA /* Base */,
			);
			name = LaunchScreen.xib;
			sourceTree = "<group>";
		};
/* End PBXVariantGroup section */

/* Begin XCBuildConfiguration section */
		0CF6CDE11B285E4D0001F7AA /* Debug */ = {
			isa = XCBuildConfiguration;
			buildSettings = {
				ALWAYS_SEARCH_USER_PATHS = NO;
				CLANG_CXX_LANGUAGE_STANDARD = "gnu++0x";
				CLANG_CXX_LIBRARY = "libc++";
				CLANG_ENABLE_MODULES = YES;
				CLANG_ENABLE_OBJC_ARC = YES;
				CLANG_WARN_BOOL_CONVERSION = YES;
				CLANG_WARN_CONSTANT_CONVERSION = YES;
				CLANG_WARN_DIRECT_OBJC_ISA_USAGE = YES_ERROR;
				CLANG_WARN_EMPTY_BODY = YES;
				CLANG_WARN_ENUM_CONVERSION = YES;
				CLANG_WARN_INT_CONVERSION = YES;
				CLANG_WARN_OBJC_ROOT_CLASS = YES_ERROR;
				CLANG_WARN_UNREACHABLE_CODE = YES;
				CLANG_WARN__DUPLICATE_METHOD_MATCH = YES;
				"CODE_SIGN_IDENTITY[sdk=iphoneos*]" = "iPhone Developer";
				COPY_PHASE_STRIP = NO;
				DEBUG_INFORMATION_FORMAT = "dwarf-with-dsym";
				ENABLE_STRICT_OBJC_MSGSEND = YES;
				GCC_C_LANGUAGE_STANDARD = gnu99;
				GCC_DYNAMIC_NO_PIC = NO;
				GCC_NO_COMMON_BLOCKS = YES;
				GCC_OPTIMIZATION_LEVEL = 0;
				GCC_PREPROCESSOR_DEFINITIONS = (
					"DEBUG=1",
					"$(inherited)",
				);
				GCC_SYMBOLS_PRIVATE_EXTERN = NO;
				GCC_WARN_64_TO_32_BIT_CONVERSION = YES;
				GCC_WARN_ABOUT_RETURN_TYPE = YES_ERROR;
				GCC_WARN_UNDECLARED_SELECTOR = YES;
				GCC_WARN_UNINITIALIZED_AUTOS = YES_AGGRESSIVE;
				GCC_WARN_UNUSED_FUNCTION = YES;
				GCC_WARN_UNUSED_VARIABLE = YES;
				IPHONEOS_DEPLOYMENT_TARGET = 8.0;
				MTL_ENABLE_DEBUG_INFO = YES;
				ONLY_ACTIVE_ARCH = YES;
				SDKROOT = iphoneos;
				TARGETED_DEVICE_FAMILY = "1,2";
			};
			name = Debug;
		};
		0CF6CDE21B285E4D0001F7AA /* Release */ = {
			isa = XCBuildConfiguration;
			buildSettings = {
				ALWAYS_SEARCH_USER_PATHS = NO;
				CLANG_CXX_LANGUAGE_STANDARD = "gnu++0x";
				CLANG_CXX_LIBRARY = "libc++";
				CLANG_ENABLE_MODULES = YES;
				CLANG_ENABLE_OBJC_ARC = YES;
				CLANG_WARN_BOOL_CONVERSION = YES;
				CLANG_WARN_CONSTANT_CONVERSION = YES;
				CLANG_WARN_DIRECT_OBJC_ISA_USAGE = YES_ERROR;
				CLANG_WARN_EMPTY_BODY = YES;
				CLANG_WARN_ENUM_CONVERSION = YES;
				CLANG_WARN_INT_CONVERSION = YES;
				CLANG_WARN_OBJC_ROOT_CLASS = YES_ERROR;
				CLANG_WARN_UNREACHABLE_CODE = YES;
				CLANG_WARN__DUPLICATE_METHOD_MATCH = YES;
				"CODE_SIGN_IDENTITY[sdk=iphoneos*]" = "iPhone Developer";
				COPY_PHASE_STRIP = NO;
				DEBUG_INFORMATION_FORMAT = "dwarf-with-dsym";
				ENABLE_NS_ASSERTIONS = NO;
				ENABLE_STRICT_OBJC_MSGSEND = YES;
				GCC_C_LANGUAGE_STANDARD = gnu99;
				GCC_NO_COMMON_BLOCKS = YES;
				GCC_WARN_64_TO_32_BIT_CONVERSION = YES;
				GCC_WARN_ABOUT_RETURN_TYPE = YES_ERROR;
				GCC_WARN_UNDECLARED_SELECTOR = YES;
				GCC_WARN_UNINITIALIZED_AUTOS = YES_AGGRESSIVE;
				GCC_WARN_UNUSED_FUNCTION = YES;
				GCC_WARN_UNUSED_VARIABLE = YES;
				IPHONEOS_DEPLOYMENT_TARGET = 8.0;
				MTL_ENABLE_DEBUG_INFO = NO;
				SDKROOT = iphoneos;
				TARGETED_DEVICE_FAMILY = "1,2";
				VALIDATE_PRODUCT = YES;
			};
			name = Release;
		};
		0CF6CDE41B285E4D0001F7AA /* Debug */ = {
			isa = XCBuildConfiguration;
			buildSettings = {
				ASSETCATALOG_COMPILER_APPICON_NAME = AppIcon;
				CODE_SIGN_IDENTITY = "iPhone Developer";
				"CODE_SIGN_IDENTITY[sdk=iphoneos*]" = "iPhone Developer";
				FRAMEWORK_SEARCH_PATHS = (
					"$(inherited)",
					"$(PROJECT_DIR)/WikitudeTest/Frameworks",
				);
				INFOPLIST_FILE = WikitudeTest/Info.plist;
				LD_RUNPATH_SEARCH_PATHS = "$(inherited) @executable_path/Frameworks";
				OTHER_LDFLAGS = "-ObjC";
				PRODUCT_NAME = "wikitude-concept-ios";
				PROVISIONING_PROFILE = "";
				TARGETED_DEVICE_FAMILY = "1,2";
			};
			name = Debug;
		};
		0CF6CDE51B285E4D0001F7AA /* Release */ = {
			isa = XCBuildConfiguration;
			buildSettings = {
				ASSETCATALOG_COMPILER_APPICON_NAME = AppIcon;
				CODE_SIGN_IDENTITY = "iPhone Developer";
				"CODE_SIGN_IDENTITY[sdk=iphoneos*]" = "iPhone Developer";
				FRAMEWORK_SEARCH_PATHS = (
					"$(inherited)",
					"$(PROJECT_DIR)/WikitudeTest/Frameworks",
				);
				INFOPLIST_FILE = WikitudeTest/Info.plist;
				LD_RUNPATH_SEARCH_PATHS = "$(inherited) @executable_path/Frameworks";
				OTHER_LDFLAGS = "-ObjC";
				PRODUCT_NAME = "wikitude-concept-ios";
				PROVISIONING_PROFILE = "";
				TARGETED_DEVICE_FAMILY = "1,2";
			};
			name = Release;
		};
		0CF6CDE71B285E4D0001F7AA /* Debug */ = {
			isa = XCBuildConfiguration;
			buildSettings = {
				BUNDLE_LOADER = "$(TEST_HOST)";
				FRAMEWORK_SEARCH_PATHS = (
					"$(SDKROOT)/Developer/Library/Frameworks",
					"$(inherited)",
				);
				GCC_PREPROCESSOR_DEFINITIONS = (
					"DEBUG=1",
					"$(inherited)",
				);
				INFOPLIST_FILE = WikitudeTestTests/Info.plist;
				LD_RUNPATH_SEARCH_PATHS = "$(inherited) @executable_path/Frameworks @loader_path/Frameworks";
				PRODUCT_NAME = "wikitude-concept-iosTests";
				TEST_HOST = "$(BUILT_PRODUCTS_DIR)/wikitude-concept-ios.app/wikitude-concept-ios";
			};
			name = Debug;
		};
		0CF6CDE81B285E4D0001F7AA /* Release */ = {
			isa = XCBuildConfiguration;
			buildSettings = {
				BUNDLE_LOADER = "$(TEST_HOST)";
				FRAMEWORK_SEARCH_PATHS = (
					"$(SDKROOT)/Developer/Library/Frameworks",
					"$(inherited)",
				);
				INFOPLIST_FILE = WikitudeTestTests/Info.plist;
				LD_RUNPATH_SEARCH_PATHS = "$(inherited) @executable_path/Frameworks @loader_path/Frameworks";
				PRODUCT_NAME = "wikitude-concept-iosTests";
				TEST_HOST = "$(BUILT_PRODUCTS_DIR)/wikitude-concept-ios.app/wikitude-concept-ios";
			};
			name = Release;
		};
/* End XCBuildConfiguration section */

/* Begin XCConfigurationList section */
		0CF6CDBB1B285E4C0001F7AA /* Build configuration list for PBXProject "wikitude-concept-ios" */ = {
			isa = XCConfigurationList;
			buildConfigurations = (
				0CF6CDE11B285E4D0001F7AA /* Debug */,
				0CF6CDE21B285E4D0001F7AA /* Release */,
			);
			defaultConfigurationIsVisible = 0;
			defaultConfigurationName = Release;
		};
		0CF6CDE31B285E4D0001F7AA /* Build configuration list for PBXNativeTarget "wikitude-concept-ios" */ = {
			isa = XCConfigurationList;
			buildConfigurations = (
				0CF6CDE41B285E4D0001F7AA /* Debug */,
				0CF6CDE51B285E4D0001F7AA /* Release */,
			);
			defaultConfigurationIsVisible = 0;
			defaultConfigurationName = Release;
		};
		0CF6CDE61B285E4D0001F7AA /* Build configuration list for PBXNativeTarget "wikitude-concept-iosTests" */ = {
			isa = XCConfigurationList;
			buildConfigurations = (
				0CF6CDE71B285E4D0001F7AA /* Debug */,
				0CF6CDE81B285E4D0001F7AA /* Release */,
			);
			defaultConfigurationIsVisible = 0;
			defaultConfigurationName = Release;
		};
/* End XCConfigurationList section */
	};
	rootObject = 0CF6CDB81B285E4C0001F7AA /* Project object */;
}
