// !$*UTF8*$!
{
	archiveVersion = 1;
	classes = {
	};
	objectVersion = 46;
	objects = {

/* Begin PBXBuildFile section */
		0CF6CDC61B285E4C0001F7AA /* main.m in Sources */ = {isa = PBXBuildFile; fileRef = 0CF6CDC51B285E4C0001F7AA /* main.m */; };
		0CF6CDC91B285E4C0001F7AA /* AppDelegate.m in Sources */ = {isa = PBXBuildFile; fileRef = 0CF6CDC81B285E4C0001F7AA /* AppDelegate.m */; };
		0CF6CDCC1B285E4C0001F7AA /* ViewController.m in Sources */ = {isa = PBXBuildFile; fileRef = 0CF6CDCB1B285E4C0001F7AA /* ViewController.m */; };
		0CF6CDCF1B285E4C0001F7AA /* Main.storyboard in Resources */ = {isa = PBXBuildFile; fileRef = 0CF6CDCD1B285E4C0001F7AA /* Main.storyboard */; };
		0CF6CDD11B285E4C0001F7AA /* Images.xcassets in Resources */ = {isa = PBXBuildFile; fileRef = 0CF6CDD01B285E4C0001F7AA /* Images.xcassets */; };
		0CF6CDD41B285E4C0001F7AA /* LaunchScreen.xib in Resources */ = {isa = PBXBuildFile; fileRef = 0CF6CDD21B285E4C0001F7AA /* LaunchScreen.xib */; };
		0CF6CDE01B285E4D0001F7AA /* WikitudeTestTests.m in Sources */ = {isa = PBXBuildFile; fileRef = 0CF6CDDF1B285E4D0001F7AA /* WikitudeTestTests.m */; };
/* End PBXBuildFile section */

/* Begin PBXContainerItemProxy section */
		0CF6CDDA1B285E4C0001F7AA /* PBXContainerItemProxy */ = {
			isa = PBXContainerItemProxy;
			containerPortal = 0CF6CDB81B285E4C0001F7AA /* Project object */;
			proxyType = 1;
			remoteGlobalIDString = 0CF6CDBF1B285E4C0001F7AA;
			remoteInfo = WikitudeTest;
		};
/* End PBXContainerItemProxy section */

/* Begin PBXFileReference section */
		0CF6CDC01B285E4C0001F7AA /* WikitudeTest.app */ = {isa = PBXFileReference; explicitFileType = wrapper.application; includeInIndex = 0; path = WikitudeTest.app; sourceTree = BUILT_PRODUCTS_DIR; };
		0CF6CDC41B285E4C0001F7AA /* Info.plist */ = {isa = PBXFileReference; lastKnownFileType = text.plist.xml; path = Info.plist; sourceTree = "<group>"; };
		0CF6CDC51B285E4C0001F7AA /* main.m */ = {isa = PBXFileReference; lastKnownFileType = sourcecode.c.objc; path = main.m; sourceTree = "<group>"; };
		0CF6CDC71B285E4C0001F7AA /* AppDelegate.h */ = {isa = PBXFileReference; lastKnownFileType = sourcecode.c.h; path = AppDelegate.h; sourceTree = "<group>"; };
		0CF6CDC81B285E4C0001F7AA /* AppDelegate.m */ = {isa = PBXFileReference; lastKnownFileType = sourcecode.c.objc; path = AppDelegate.m; sourceTree = "<group>"; };
		0CF6CDCA1B285E4C0001F7AA /* ViewController.h */ = {isa = PBXFileReference; lastKnownFileType = sourcecode.c.h; path = ViewController.h; sourceTree = "<group>"; };
		0CF6CDCB1B285E4C0001F7AA /* ViewController.m */ = {isa = PBXFileReference; lastKnownFileType = sourcecode.c.objc; path = ViewController.m; sourceTree = "<group>"; };
		0CF6CDCE1B285E4C0001F7AA /* Base */ = {isa = PBXFileReference; lastKnownFileType = file.storyboard; name = Base; path = Base.lproj/Main.storyboard; sourceTree = "<group>"; };
		0CF6CDD01B285E4C0001F7AA /* Images.xcassets */ = {isa = PBXFileReference; lastKnownFileType = folder.assetcatalog; path = Images.xcassets; sourceTree = "<group>"; };
		0CF6CDD31B285E4C0001F7AA /* Base */ = {isa = PBXFileReference; lastKnownFileType = file.xib; name = Base; path = Base.lproj/LaunchScreen.xib; sourceTree = "<group>"; };
		0CF6CDD91B285E4C0001F7AA /* WikitudeTestTests.xctest */ = {isa = PBXFileReference; explicitFileType = wrapper.cfbundle; includeInIndex = 0; path = WikitudeTestTests.xctest; sourceTree = BUILT_PRODUCTS_DIR; };
		0CF6CDDE1B285E4D0001F7AA /* Info.plist */ = {isa = PBXFileReference; lastKnownFileType = text.plist.xml; path = Info.plist; sourceTree = "<group>"; };
		0CF6CDDF1B285E4D0001F7AA /* WikitudeTestTests.m */ = {isa = PBXFileReference; lastKnownFileType = sourcecode.c.objc; path = WikitudeTestTests.m; sourceTree = "<group>"; };
/* End PBXFileReference section */

/* Begin PBXFrameworksBuildPhase section */
		0CF6CDBD1B285E4C0001F7AA /* Frameworks */ = {
			isa = PBXFrameworksBuildPhase;
			buildActionMask = 2147483647;
			files = (
			);
			runOnlyForDeploymentPostprocessing = 0;
		};
		0CF6CDD61B285E4C0001F7AA /* Frameworks */ = {
			isa = PBXFrameworksBuildPhase;
			buildActionMask = 2147483647;
			files = (
			);
			runOnlyForDeploymentPostprocessing = 0;
		};
/* End PBXFrameworksBuildPhase section */

/* Begin PBXGroup section */
		0CF6CDB71B285E4C0001F7AA = {
			isa = PBXGroup;
			children = (
				0CF6CDC21B285E4C0001F7AA /* WikitudeTest */,
				0CF6CDDC1B285E4D0001F7AA /* WikitudeTestTests */,
				0CF6CDC11B285E4C0001F7AA /* Products */,
			);
			sourceTree = "<group>";
		};
		0CF6CDC11B285E4C0001F7AA /* Products */ = {
			isa = PBXGroup;
			children = (
				0CF6CDC01B285E4C0001F7AA /* WikitudeTest.app */,
				0CF6CDD91B285E4C0001F7AA /* WikitudeTestTests.xctest */,
			);
			name = Products;
			sourceTree = "<group>";
		};
		0CF6CDC21B285E4C0001F7AA /* WikitudeTest */ = {
			isa = PBXGroup;
			children = (
				0CF6CDC71B285E4C0001F7AA /* AppDelegate.h */,
				0CF6CDC81B285E4C0001F7AA /* AppDelegate.m */,
				0CF6CDCA1B285E4C0001F7AA /* ViewController.h */,
				0CF6CDCB1B285E4C0001F7AA /* ViewController.m */,
				0CF6CDCD1B285E4C0001F7AA /* Main.storyboard */,
				0CF6CDD01B285E4C0001F7AA /* Images.xcassets */,
				0CF6CDD21B285E4C0001F7AA /* LaunchScreen.xib */,
				0CF6CDC31B285E4C0001F7AA /* Supporting Files */,
			);
			path = WikitudeTest;
			sourceTree = "<group>";
		};
		0CF6CDC31B285E4C0001F7AA /* Supporting Files */ = {
			isa = PBXGroup;
			children = (
				0CF6CDC41B285E4C0001F7AA /* Info.plist */,
				0CF6CDC51B285E4C0001F7AA /* main.m */,
			);
			name = "Supporting Files";
			sourceTree = "<group>";
		};
		0CF6CDDC1B285E4D0001F7AA /* WikitudeTestTests */ = {
			isa = PBXGroup;
			children = (
				0CF6CDDF1B285E4D0001F7AA /* WikitudeTestTests.m */,
				0CF6CDDD1B285E4D0001F7AA /* Supporting Files */,
			);
			path = WikitudeTestTests;
			sourceTree = "<group>";
		};
		0CF6CDDD1B285E4D0001F7AA /* Supporting Files */ = {
			isa = PBXGroup;
			children = (
				0CF6CDDE1B285E4D0001F7AA /* Info.plist */,
			);
			name = "Supporting Files";
			sourceTree = "<group>";
		};
/* End PBXGroup section */

/* Begin PBXNativeTarget section */
		0CF6CDBF1B285E4C0001F7AA /* WikitudeTest */ = {
			isa = PBXNativeTarget;
			buildConfigurationList = 0CF6CDE31B285E4D0001F7AA /* Build configuration list for PBXNativeTarget "WikitudeTest" */;
			buildPhases = (
				0CF6CDBC1B285E4C0001F7AA /* Sources */,
				0CF6CDBD1B285E4C0001F7AA /* Frameworks */,
				0CF6CDBE1B285E4C0001F7AA /* Resources */,
			);
			buildRules = (
			);
			dependencies = (
			);
			name = WikitudeTest;
			productName = WikitudeTest;
			productReference = 0CF6CDC01B285E4C0001F7AA /* WikitudeTest.app */;
			productType = "com.apple.product-type.application";
		};
		0CF6CDD81B285E4C0001F7AA /* WikitudeTestTests */ = {
			isa = PBXNativeTarget;
			buildConfigurationList = 0CF6CDE61B285E4D0001F7AA /* Build configuration list for PBXNativeTarget "WikitudeTestTests" */;
			buildPhases = (
				0CF6CDD51B285E4C0001F7AA /* Sources */,
				0CF6CDD61B285E4C0001F7AA /* Frameworks */,
				0CF6CDD71B285E4C0001F7AA /* Resources */,
			);
			buildRules = (
			);
			dependencies = (
				0CF6CDDB1B285E4C0001F7AA /* PBXTargetDependency */,
			);
			name = WikitudeTestTests;
			productName = WikitudeTestTests;
			productReference = 0CF6CDD91B285E4C0001F7AA /* WikitudeTestTests.xctest */;
			productType = "com.apple.product-type.bundle.unit-test";
		};
/* End PBXNativeTarget section */

/* Begin PBXProject section */
		0CF6CDB81B285E4C0001F7AA /* Project object */ = {
			isa = PBXProject;
			attributes = {
				LastUpgradeCheck = 0630;
				ORGANIZATIONNAME = "Patrycja Sitek";
				TargetAttributes = {
					0CF6CDBF1B285E4C0001F7AA = {
						CreatedOnToolsVersion = 6.3.2;
					};
					0CF6CDD81B285E4C0001F7AA = {
						CreatedOnToolsVersion = 6.3.2;
						TestTargetID = 0CF6CDBF1B285E4C0001F7AA;
					};
				};
			};
			buildConfigurationList = 0CF6CDBB1B285E4C0001F7AA /* Build configuration list for PBXProject "WikitudeTest" */;
			compatibilityVersion = "Xcode 3.2";
			developmentRegion = English;
			hasScannedForEncodings = 0;
			knownRegions = (
				en,
				Base,
			);
			mainGroup = 0CF6CDB71B285E4C0001F7AA;
			productRefGroup = 0CF6CDC11B285E4C0001F7AA /* Products */;
			projectDirPath = "";
			projectRoot = "";
			targets = (
				0CF6CDBF1B285E4C0001F7AA /* WikitudeTest */,
				0CF6CDD81B285E4C0001F7AA /* WikitudeTestTests */,
			);
		};
/* End PBXProject section */

/* Begin PBXResourcesBuildPhase section */
		0CF6CDBE1B285E4C0001F7AA /* Resources */ = {
			isa = PBXResourcesBuildPhase;
			buildActionMask = 2147483647;
			files = (
				0CF6CDCF1B285E4C0001F7AA /* Main.storyboard in Resources */,
				0CF6CDD41B285E4C0001F7AA /* LaunchScreen.xib in Resources */,
				0CF6CDD11B285E4C0001F7AA /* Images.xcassets in Resources */,
			);
			runOnlyForDeploymentPostprocessing = 0;
		};
		0CF6CDD71B285E4C0001F7AA /* Resources */ = {
			isa = PBXResourcesBuildPhase;
			buildActionMask = 2147483647;
			files = (
			);
			runOnlyForDeploymentPostprocessing = 0;
		};
/* End PBXResourcesBuildPhase section */

/* Begin PBXSourcesBuildPhase section */
		0CF6CDBC1B285E4C0001F7AA /* Sources */ = {
			isa = PBXSourcesBuildPhase;
			buildActionMask = 2147483647;
			files = (
				0CF6CDCC1B285E4C0001F7AA /* ViewController.m in Sources */,
				0CF6CDC91B285E4C0001F7AA /* AppDelegate.m in Sources */,
				0CF6CDC61B285E4C0001F7AA /* main.m in Sources */,
			);
			runOnlyForDeploymentPostprocessing = 0;
		};
		0CF6CDD51B285E4C0001F7AA /* Sources */ = {
			isa = PBXSourcesBuildPhase;
			buildActionMask = 2147483647;
			files = (
				0CF6CDE01B285E4D0001F7AA /* WikitudeTestTests.m in Sources */,
			);
			runOnlyForDeploymentPostprocessing = 0;
		};
/* End PBXSourcesBuildPhase section */

/* Begin PBXTargetDependency section */
		0CF6CDDB1B285E4C0001F7AA /* PBXTargetDependency */ = {
			isa = PBXTargetDependency;
			target = 0CF6CDBF1B285E4C0001F7AA /* WikitudeTest */;
			targetProxy = 0CF6CDDA1B285E4C0001F7AA /* PBXContainerItemProxy */;
		};
/* End PBXTargetDependency section */

/* Begin PBXVariantGroup section */
		0CF6CDCD1B285E4C0001F7AA /* Main.storyboard */ = {
			isa = PBXVariantGroup;
			children = (
				0CF6CDCE1B285E4C0001F7AA /* Base */,
			);
			name = Main.storyboard;
			sourceTree = "<group>";
		};
		0CF6CDD21B285E4C0001F7AA /* LaunchScreen.xib */ = {
			isa = PBXVariantGroup;
			children = (
				0CF6CDD31B285E4C0001F7AA /* Base */,
			);
			name = LaunchScreen.xib;
			sourceTree = "<group>";
		};
/* End PBXVariantGroup section */

/* Begin XCBuildConfiguration section */
		0CF6CDE11B285E4D0001F7AA /* Debug */ = {
			isa = XCBuildConfiguration;
			buildSettings = {
				ALWAYS_SEARCH_USER_PATHS = NO;
				CLANG_CXX_LANGUAGE_STANDARD = "gnu++0x";
				CLANG_CXX_LIBRARY = "libc++";
				CLANG_ENABLE_MODULES = YES;
				CLANG_ENABLE_OBJC_ARC = YES;
				CLANG_WARN_BOOL_CONVERSION = YES;
				CLANG_WARN_CONSTANT_CONVERSION = YES;
				CLANG_WARN_DIRECT_OBJC_ISA_USAGE = YES_ERROR;
				CLANG_WARN_EMPTY_BODY = YES;
				CLANG_WARN_ENUM_CONVERSION = YES;
				CLANG_WARN_INT_CONVERSION = YES;
				CLANG_WARN_OBJC_ROOT_CLASS = YES_ERROR;
				CLANG_WARN_UNREACHABLE_CODE = YES;
				CLANG_WARN__DUPLICATE_METHOD_MATCH = YES;
				"CODE_SIGN_IDENTITY[sdk=iphoneos*]" = "iPhone Developer";
				COPY_PHASE_STRIP = NO;
				DEBUG_INFORMATION_FORMAT = "dwarf-with-dsym";
				ENABLE_STRICT_OBJC_MSGSEND = YES;
				GCC_C_LANGUAGE_STANDARD = gnu99;
				GCC_DYNAMIC_NO_PIC = NO;
				GCC_NO_COMMON_BLOCKS = YES;
				GCC_OPTIMIZATION_LEVEL = 0;
				GCC_PREPROCESSOR_DEFINITIONS = (
					"DEBUG=1",
					"$(inherited)",
				);
				GCC_SYMBOLS_PRIVATE_EXTERN = NO;
				GCC_WARN_64_TO_32_BIT_CONVERSION = YES;
				GCC_WARN_ABOUT_RETURN_TYPE = YES_ERROR;
				GCC_WARN_UNDECLARED_SELECTOR = YES;
				GCC_WARN_UNINITIALIZED_AUTOS = YES_AGGRESSIVE;
				GCC_WARN_UNUSED_FUNCTION = YES;
				GCC_WARN_UNUSED_VARIABLE = YES;
				IPHONEOS_DEPLOYMENT_TARGET = 8.3;
				MTL_ENABLE_DEBUG_INFO = YES;
				ONLY_ACTIVE_ARCH = YES;
				SDKROOT = iphoneos;
				TARGETED_DEVICE_FAMILY = "1,2";
			};
			name = Debug;
		};
		0CF6CDE21B285E4D0001F7AA /* Release */ = {
			isa = XCBuildConfiguration;
			buildSettings = {
				ALWAYS_SEARCH_USER_PATHS = NO;
				CLANG_CXX_LANGUAGE_STANDARD = "gnu++0x";
				CLANG_CXX_LIBRARY = "libc++";
				CLANG_ENABLE_MODULES = YES;
				CLANG_ENABLE_OBJC_ARC = YES;
				CLANG_WARN_BOOL_CONVERSION = YES;
				CLANG_WARN_CONSTANT_CONVERSION = YES;
				CLANG_WARN_DIRECT_OBJC_ISA_USAGE = YES_ERROR;
				CLANG_WARN_EMPTY_BODY = YES;
				CLANG_WARN_ENUM_CONVERSION = YES;
				CLANG_WARN_INT_CONVERSION = YES;
				CLANG_WARN_OBJC_ROOT_CLASS = YES_ERROR;
				CLANG_WARN_UNREACHABLE_CODE = YES;
				CLANG_WARN__DUPLICATE_METHOD_MATCH = YES;
				"CODE_SIGN_IDENTITY[sdk=iphoneos*]" = "iPhone Developer";
				COPY_PHASE_STRIP = NO;
				DEBUG_INFORMATION_FORMAT = "dwarf-with-dsym";
				ENABLE_NS_ASSERTIONS = NO;
				ENABLE_STRICT_OBJC_MSGSEND = YES;
				GCC_C_LANGUAGE_STANDARD = gnu99;
				GCC_NO_COMMON_BLOCKS = YES;
				GCC_WARN_64_TO_32_BIT_CONVERSION = YES;
				GCC_WARN_ABOUT_RETURN_TYPE = YES_ERROR;
				GCC_WARN_UNDECLARED_SELECTOR = YES;
				GCC_WARN_UNINITIALIZED_AUTOS = YES_AGGRESSIVE;
				GCC_WARN_UNUSED_FUNCTION = YES;
				GCC_WARN_UNUSED_VARIABLE = YES;
				IPHONEOS_DEPLOYMENT_TARGET = 8.3;
				MTL_ENABLE_DEBUG_INFO = NO;
				SDKROOT = iphoneos;
				TARGETED_DEVICE_FAMILY = "1,2";
				VALIDATE_PRODUCT = YES;
			};
			name = Release;
		};
		0CF6CDE41B285E4D0001F7AA /* Debug */ = {
			isa = XCBuildConfiguration;
			buildSettings = {
				ASSETCATALOG_COMPILER_APPICON_NAME = AppIcon;
				INFOPLIST_FILE = WikitudeTest/Info.plist;
				LD_RUNPATH_SEARCH_PATHS = "$(inherited) @executable_path/Frameworks";
				PRODUCT_NAME = "$(TARGET_NAME)";
			};
			name = Debug;
		};
		0CF6CDE51B285E4D0001F7AA /* Release */ = {
			isa = XCBuildConfiguration;
			buildSettings = {
				ASSETCATALOG_COMPILER_APPICON_NAME = AppIcon;
				INFOPLIST_FILE = WikitudeTest/Info.plist;
				LD_RUNPATH_SEARCH_PATHS = "$(inherited) @executable_path/Frameworks";
				PRODUCT_NAME = "$(TARGET_NAME)";
			};
			name = Release;
		};
		0CF6CDE71B285E4D0001F7AA /* Debug */ = {
			isa = XCBuildConfiguration;
			buildSettings = {
				BUNDLE_LOADER = "$(TEST_HOST)";
				FRAMEWORK_SEARCH_PATHS = (
					"$(SDKROOT)/Developer/Library/Frameworks",
					"$(inherited)",
				);
				GCC_PREPROCESSOR_DEFINITIONS = (
					"DEBUG=1",
					"$(inherited)",
				);
				INFOPLIST_FILE = WikitudeTestTests/Info.plist;
				LD_RUNPATH_SEARCH_PATHS = "$(inherited) @executable_path/Frameworks @loader_path/Frameworks";
				PRODUCT_NAME = "$(TARGET_NAME)";
				TEST_HOST = "$(BUILT_PRODUCTS_DIR)/WikitudeTest.app/WikitudeTest";
			};
			name = Debug;
		};
		0CF6CDE81B285E4D0001F7AA /* Release */ = {
			isa = XCBuildConfiguration;
			buildSettings = {
				BUNDLE_LOADER = "$(TEST_HOST)";
				FRAMEWORK_SEARCH_PATHS = (
					"$(SDKROOT)/Developer/Library/Frameworks",
					"$(inherited)",
				);
				INFOPLIST_FILE = WikitudeTestTests/Info.plist;
				LD_RUNPATH_SEARCH_PATHS = "$(inherited) @executable_path/Frameworks @loader_path/Frameworks";
				PRODUCT_NAME = "$(TARGET_NAME)";
				TEST_HOST = "$(BUILT_PRODUCTS_DIR)/WikitudeTest.app/WikitudeTest";
			};
			name = Release;
		};
/* End XCBuildConfiguration section */

/* Begin XCConfigurationList section */
		0CF6CDBB1B285E4C0001F7AA /* Build configuration list for PBXProject "WikitudeTest" */ = {
			isa = XCConfigurationList;
			buildConfigurations = (
				0CF6CDE11B285E4D0001F7AA /* Debug */,
				0CF6CDE21B285E4D0001F7AA /* Release */,
			);
			defaultConfigurationIsVisible = 0;
			defaultConfigurationName = Release;
		};
		0CF6CDE31B285E4D0001F7AA /* Build configuration list for PBXNativeTarget "WikitudeTest" */ = {
			isa = XCConfigurationList;
			buildConfigurations = (
				0CF6CDE41B285E4D0001F7AA /* Debug */,
				0CF6CDE51B285E4D0001F7AA /* Release */,
			);
			defaultConfigurationIsVisible = 0;
		};
		0CF6CDE61B285E4D0001F7AA /* Build configuration list for PBXNativeTarget "WikitudeTestTests" */ = {
			isa = XCConfigurationList;
			buildConfigurations = (
				0CF6CDE71B285E4D0001F7AA /* Debug */,
				0CF6CDE81B285E4D0001F7AA /* Release */,
			);
			defaultConfigurationIsVisible = 0;
		};
/* End XCConfigurationList section */
	};
	rootObject = 0CF6CDB81B285E4C0001F7AA /* Project object */;
}
